
Microsoft Visual Studio Solution File, Format Version 12.00
# Visual Studio Version 16
VisualStudioVersion = 25.0.1700.4
MinimumVisualStudioVersion = 10.0.40219.1
Project("{FAE04EC0-301F-11D3-BF4B-00C04F79EFBC}") = "DigitalEntryAPI", "DigitalEntryAPI\DigitalEntryAPI.csproj", "{CAE221B9-9207-4946-B162-E095A8DBAE9C}"
EndProject
Global
	GlobalSection(SolutionConfigurationPlatforms) = preSolution
		Debug|Any CPU = Debug|Any CPU
		Release|Any CPU = Release|Any CPU
	EndGlobalSection
	GlobalSection(ProjectConfigurationPlatforms) = postSolution
		{CAE221B9-9207-4946-B162-E095A8DBAE9C}.Debug|Any CPU.ActiveCfg = Debug|Any CPU
		{CAE221B9-9207-4946-B162-E095A8DBAE9C}.Debug|Any CPU.Build.0 = Debug|Any CPU
		{CAE221B9-9207-4946-B162-E095A8DBAE9C}.Release|Any CPU.ActiveCfg = Release|Any CPU
		{CAE221B9-9207-4946-B162-E095A8DBAE9C}.Release|Any CPU.Build.0 = Release|Any CPU
	EndGlobalSection
	GlobalSection(SolutionProperties) = preSolution
		HideSolutionNode = FALSE
	EndGlobalSection
	GlobalSection(ExtensibilityGlobals) = postSolution
		SolutionGuid = {8A4723D0-AD9F-4660-A1EB-FD4B8D37C7C5}
	EndGlobalSection
EndGlobal
